
Microsoft Visual Studio Solution File, Format Version 11.00
# Visual Studio 2010
Project("{8BC9CEB8-8B4A-11D0-8D11-00A0C91BC942}") = "test", "test.vcxproj", "{357BF311-0E7D-4FAA-8126-5F7B8C7B373D}"
EndProject
Global
	GlobalSection(SolutionConfigurationPlatforms) = preSolution
		Debug|Win32 = Debug|Win32
		Release|Win32 = Release|Win32
	EndGlobalSection
	GlobalSection(ProjectConfigurationPlatforms) = postSolution
		{357BF311-0E7D-4FAA-8126-5F7B8C7B373D}.Debug|Win32.ActiveCfg = Debug|Win32
		{357BF311-0E7D-4FAA-8126-5F7B8C7B373D}.Debug|Win32.Build.0 = Debug|Win32
		{357BF311-0E7D-4FAA-8126-5F7B8C7B373D}.Release|Win32.ActiveCfg = Release|Win32
		{357BF311-0E7D-4FAA-8126-5F7B8C7B373D}.Release|Win32.Build.0 = Release|Win32
	EndGlobalSection
	GlobalSection(SolutionProperties) = preSolution
		HideSolutionNode = FALSE
	EndGlobalSection
EndGlobal
